# This file is generated by running "yarn install" inside your project.
# Manual changes might be lost - proceed with caution!

__metadata:
  version: 4
  cacheKey: 5

"@types/vscode@npm:1.47.0":
  version: 1.47.0
  resolution: "@types/vscode@npm:1.47.0"
  checksum: fe2bb70651ed49772fc04112aacecd7ba1e504be177e14d12052d401faaa414f356fbcc862f80b80eed8ab6e690890ac53c8dce991600daa4422cc5b1650bede
  languageName: node
  linkType: hard

typescript@^3.9.6:
  version: 3.9.6
  resolution: "typescript@npm:3.9.6"
  bin:
    tsc: bin/tsc
    tsserver: bin/tsserver
  checksum: 75d8e3610ca435b0feaa3eb714ef3aa9060ec72621da3c62c45ceee1d8d0ddcbd8ff2a816de2d24ab28dcd2249953edb640d34595d59e491656156da4c2903fc
  languageName: node
  linkType: hard

"typescript@patch:typescript@^3.9.6#builtin<compat/typescript>":
  version: 3.9.6
  resolution: "typescript@patch:typescript@npm%3A3.9.6#builtin<compat/typescript>::version=3.9.6&hash=5b02a2"
  bin:
    tsc: bin/tsc
    tsserver: bin/tsserver
  checksum: de0b64b2df571ddb6a87e058605b011b1d7e2ed5e1bb27ba658251a380041abbbdf5bdf8da25d5605ac84e7fb3882a816b9a283ffaddedebfde1a57db4c18c30
  languageName: node
  linkType: hard

"vscode-disable-generated-files-edit@workspace:.":
  version: 0.0.0-use.local
  resolution: "vscode-disable-generated-files-edit@workspace:."
  dependencies:
    "@types/vscode": 1.47.0
    typescript: ^3.9.6
  languageName: unknown
  linkType: soft
