# This file is generated by running "yarn install" inside your project.
# Manual changes might be lost - proceed with caution!

__metadata:
  version: 4

"@types/node@npm:13.9.3":
  version: 13.9.3
  resolution: "@types/node@npm:13.9.3"
  checksum: 3/5bc2c96aeb886200872e300f38e625a927d6c8c4255fe07423d2d8379535f56567e6b47d16f25921e05ccc296720af3d31c4f37e45edf117df06f26916e6f143
  languageName: node
  linkType: hard

"website-tools@workspace:.":
  version: 0.0.0-use.local
  resolution: "website-tools@workspace:."
  dependencies:
    "@types/node": 13.9.3
  languageName: unknown
  linkType: soft
