# This file is generated by running "yarn install" inside your project.
# Manual changes might be lost - proceed with caution!

__metadata:
  version: 4

"@types/node@npm:13.9.3":
  version: 13.9.3
  resolution: "@types/node@npm:13.9.3"
  checksum: 2/aa78643dc1e5b61029bcdf34d4928fc2451b383d1a3281ac2a2d1bd5b9a0d4fe48b22e44c6da2ba22b18cc3aed10ffb1ffa3d43f17962cdf2572e968dd850e7d
  languageName: node
  linkType: hard

"website-tools@workspace:.":
  version: 0.0.0-use.local
  resolution: "website-tools@workspace:."
  dependencies:
    "@types/node": 13.9.3
  languageName: unknown
  linkType: soft
